// !$*UTF8*$!
{
	archiveVersion = 1;
	classes = {
	};
	objectVersion = 50;
	objects = {

/* Begin PBXBuildFile section */
		CEF4B17A275781660027290F /* AppDelegate.swift in Sources */ = {isa = PBXBuildFile; fileRef = CEF4B179275781660027290F /* AppDelegate.swift */; };
		CEF4B183275781680027290F /* Assets.xcassets in Resources */ = {isa = PBXBuildFile; fileRef = CEF4B182275781680027290F /* Assets.xcassets */; };
		CEF4B186275781680027290F /* LaunchScreen.storyboard in Resources */ = {isa = PBXBuildFile; fileRef = CEF4B184275781680027290F /* LaunchScreen.storyboard */; };
		CEF4B19B2757D3900027290F /* Film.swift in Sources */ = {isa = PBXBuildFile; fileRef = CEF4B19A2757D3900027290F /* Film.swift */; };
		CEF4B1A7275855160027290F /* FilmsViewController.swift in Sources */ = {isa = PBXBuildFile; fileRef = CEF4B1A6275855160027290F /* FilmsViewController.swift */; };
		CEF4B1AA27585E390027290F /* FilmsTableViewCell.swift in Sources */ = {isa = PBXBuildFile; fileRef = CEF4B1A927585E390027290F /* FilmsTableViewCell.swift */; };
		CEF4B1AC275889FF0027290F /* DataFetcherService.swift in Sources */ = {isa = PBXBuildFile; fileRef = CEF4B1AB275889FF0027290F /* DataFetcherService.swift */; };
		CEF4B1B027588B0B0027290F /* NetworkService.swift in Sources */ = {isa = PBXBuildFile; fileRef = CEF4B1AF27588B0B0027290F /* NetworkService.swift */; };
		CEF4B1B42758A0B90027290F /* FilmCardViewContoller.swift in Sources */ = {isa = PBXBuildFile; fileRef = CEF4B1B32758A0B90027290F /* FilmCardViewContoller.swift */; };
		CEF4B1B62758B3C90027290F /* NetworkError.swift in Sources */ = {isa = PBXBuildFile; fileRef = CEF4B1B52758B3C90027290F /* NetworkError.swift */; };
		CEF4B1B82758B4C60027290F /* CommentNetworkService.swift in Sources */ = {isa = PBXBuildFile; fileRef = CEF4B1B72758B4C60027290F /* CommentNetworkService.swift */; };
		CEF4B1BA2758E8B50027290F /* StackViewExtension.swift in Sources */ = {isa = PBXBuildFile; fileRef = CEF4B1B92758E8B50027290F /* StackViewExtension.swift */; };
		CEF4B20C275A55300027290F /* YearTableView.swift in Sources */ = {isa = PBXBuildFile; fileRef = CEF4B20B275A55300027290F /* YearTableView.swift */; };
/* End PBXBuildFile section */

/* Begin PBXFileReference section */
		CEF4B176275781660027290F /* Movielist.app */ = {isa = PBXFileReference; explicitFileType = wrapper.application; includeInIndex = 0; path = Movielist.app; sourceTree = BUILT_PRODUCTS_DIR; };
		CEF4B179275781660027290F /* AppDelegate.swift */ = {isa = PBXFileReference; lastKnownFileType = sourcecode.swift; path = AppDelegate.swift; sourceTree = "<group>"; };
		CEF4B182275781680027290F /* Assets.xcassets */ = {isa = PBXFileReference; lastKnownFileType = folder.assetcatalog; path = Assets.xcassets; sourceTree = "<group>"; };
		CEF4B185275781680027290F /* Base */ = {isa = PBXFileReference; lastKnownFileType = file.storyboard; name = Base; path = Base.lproj/LaunchScreen.storyboard; sourceTree = "<group>"; };
		CEF4B187275781680027290F /* Info.plist */ = {isa = PBXFileReference; lastKnownFileType = text.plist.xml; path = Info.plist; sourceTree = "<group>"; };
		CEF4B19A2757D3900027290F /* Film.swift */ = {isa = PBXFileReference; lastKnownFileType = sourcecode.swift; path = Film.swift; sourceTree = "<group>"; };
		CEF4B1A6275855160027290F /* FilmsViewController.swift */ = {isa = PBXFileReference; lastKnownFileType = sourcecode.swift; path = FilmsViewController.swift; sourceTree = "<group>"; };
		CEF4B1A927585E390027290F /* FilmsTableViewCell.swift */ = {isa = PBXFileReference; lastKnownFileType = sourcecode.swift; path = FilmsTableViewCell.swift; sourceTree = "<group>"; };
		CEF4B1AB275889FF0027290F /* DataFetcherService.swift */ = {isa = PBXFileReference; lastKnownFileType = sourcecode.swift; path = DataFetcherService.swift; sourceTree = "<group>"; };
		CEF4B1AF27588B0B0027290F /* NetworkService.swift */ = {isa = PBXFileReference; lastKnownFileType = sourcecode.swift; path = NetworkService.swift; sourceTree = "<group>"; };
		CEF4B1B32758A0B90027290F /* FilmCardViewContoller.swift */ = {isa = PBXFileReference; lastKnownFileType = sourcecode.swift; path = FilmCardViewContoller.swift; sourceTree = "<group>"; };
		CEF4B1B52758B3C90027290F /* NetworkError.swift */ = {isa = PBXFileReference; lastKnownFileType = sourcecode.swift; path = NetworkError.swift; sourceTree = "<group>"; };
		CEF4B1B72758B4C60027290F /* CommentNetworkService.swift */ = {isa = PBXFileReference; lastKnownFileType = sourcecode.swift; path = CommentNetworkService.swift; sourceTree = "<group>"; };
		CEF4B1B92758E8B50027290F /* StackViewExtension.swift */ = {isa = PBXFileReference; lastKnownFileType = sourcecode.swift; path = StackViewExtension.swift; sourceTree = "<group>"; };
		CEF4B20B275A55300027290F /* YearTableView.swift */ = {isa = PBXFileReference; lastKnownFileType = sourcecode.swift; path = YearTableView.swift; sourceTree = "<group>"; };
/* End PBXFileReference section */

/* Begin PBXFrameworksBuildPhase section */
		CEF4B173275781660027290F /* Frameworks */ = {
			isa = PBXFrameworksBuildPhase;
			buildActionMask = 2147483647;
			files = (
			);
			runOnlyForDeploymentPostprocessing = 0;
		};
/* End PBXFrameworksBuildPhase section */

/* Begin PBXGroup section */
		CEF4B16D275781660027290F = {
			isa = PBXGroup;
			children = (
				CEF4B178275781660027290F /* Movielist */,
				CEF4B177275781660027290F /* Products */,
			);
			sourceTree = "<group>";
		};
		CEF4B177275781660027290F /* Products */ = {
			isa = PBXGroup;
			children = (
				CEF4B176275781660027290F /* Movielist.app */,
			);
			name = Products;
			sourceTree = "<group>";
		};
		CEF4B178275781660027290F /* Movielist */ = {
			isa = PBXGroup;
			children = (
				CEF4B1952757973D0027290F /* Applications */,
				CEF4B19D2757D9630027290F /* Films */,
				CEF4B193275796900027290F /* Modules */,
				CEF4B1922757963C0027290F /* Interactor */,
				CEF4B1912757960D0027290F /* Entity */,
				CEF4B1902757953A0027290F /* Extensions */,
				CEF4B194275797070027290F /* Network */,
				CEF4B18E275794E00027290F /* Resources */,
				CEF4B18D275794D90027290F /* Services */,
				CEF4B18F275794F90027290F /* Supporting Files */,
			);
			path = Movielist;
			sourceTree = "<group>";
		};
		CEF4B18D275794D90027290F /* Services */ = {
			isa = PBXGroup;
			children = (
			);
			path = Services;
			sourceTree = "<group>";
		};
		CEF4B18E275794E00027290F /* Resources */ = {
			isa = PBXGroup;
			children = (
				CEF4B182275781680027290F /* Assets.xcassets */,
				CEF4B184275781680027290F /* LaunchScreen.storyboard */,
			);
			path = Resources;
			sourceTree = "<group>";
		};
		CEF4B18F275794F90027290F /* Supporting Files */ = {
			isa = PBXGroup;
			children = (
				CEF4B187275781680027290F /* Info.plist */,
			);
			path = "Supporting Files";
			sourceTree = "<group>";
		};
		CEF4B1902757953A0027290F /* Extensions */ = {
			isa = PBXGroup;
			children = (
				CEF4B1B92758E8B50027290F /* StackViewExtension.swift */,
			);
			path = Extensions;
			sourceTree = "<group>";
		};
		CEF4B1912757960D0027290F /* Entity */ = {
			isa = PBXGroup;
			children = (
				CEF4B19A2757D3900027290F /* Film.swift */,
			);
			path = Entity;
			sourceTree = "<group>";
		};
		CEF4B1922757963C0027290F /* Interactor */ = {
			isa = PBXGroup;
			children = (
			);
			path = Interactor;
			sourceTree = "<group>";
		};
		CEF4B193275796900027290F /* Modules */ = {
			isa = PBXGroup;
			children = (
			);
			path = Modules;
			sourceTree = "<group>";
		};
		CEF4B194275797070027290F /* Network */ = {
			isa = PBXGroup;
			children = (
				CEF4B1AB275889FF0027290F /* DataFetcherService.swift */,
				CEF4B1AF27588B0B0027290F /* NetworkService.swift */,
				CEF4B1B72758B4C60027290F /* CommentNetworkService.swift */,
				CEF4B1B52758B3C90027290F /* NetworkError.swift */,
			);
			path = Network;
			sourceTree = "<group>";
		};
		CEF4B1952757973D0027290F /* Applications */ = {
			isa = PBXGroup;
			children = (
				CEF4B179275781660027290F /* AppDelegate.swift */,
			);
			path = Applications;
			sourceTree = "<group>";
		};
		CEF4B19C2757D9520027290F /* View */ = {
			isa = PBXGroup;
			children = (
				CEF4B1A6275855160027290F /* FilmsViewController.swift */,
				CEF4B1B32758A0B90027290F /* FilmCardViewContoller.swift */,
			);
			path = View;
			sourceTree = "<group>";
		};
		CEF4B19D2757D9630027290F /* Films */ = {
			isa = PBXGroup;
			children = (
				CEF4B19C2757D9520027290F /* View */,
				CEF4B1A827585DFA0027290F /* Cells */,
			);
			path = Films;
			sourceTree = "<group>";
		};
		CEF4B1A827585DFA0027290F /* Cells */ = {
			isa = PBXGroup;
			children = (
				CEF4B1A927585E390027290F /* FilmsTableViewCell.swift */,
				CEF4B20B275A55300027290F /* YearTableView.swift */,
			);
			path = Cells;
			sourceTree = "<group>";
		};
/* End PBXGroup section */

/* Begin PBXNativeTarget section */
		CEF4B175275781660027290F /* Movielist */ = {
			isa = PBXNativeTarget;
			buildConfigurationList = CEF4B18A275781680027290F /* Build configuration list for PBXNativeTarget "Movielist" */;
			buildPhases = (
				CEF4B172275781660027290F /* Sources */,
				CEF4B173275781660027290F /* Frameworks */,
				CEF4B174275781660027290F /* Resources */,
			);
			buildRules = (
			);
			dependencies = (
			);
			name = Movielist;
			productName = Movielist;
			productReference = CEF4B176275781660027290F /* Movielist.app */;
			productType = "com.apple.product-type.application";
		};
/* End PBXNativeTarget section */

/* Begin PBXProject section */
		CEF4B16E275781660027290F /* Project object */ = {
			isa = PBXProject;
			attributes = {
				LastSwiftUpdateCheck = 1250;
				LastUpgradeCheck = 1250;
				TargetAttributes = {
					CEF4B175275781660027290F = {
						CreatedOnToolsVersion = 12.5;
					};
				};
			};
			buildConfigurationList = CEF4B171275781660027290F /* Build configuration list for PBXProject "Movielist" */;
			compatibilityVersion = "Xcode 9.3";
			developmentRegion = en;
			hasScannedForEncodings = 0;
			knownRegions = (
				en,
				Base,
			);
			mainGroup = CEF4B16D275781660027290F;
			productRefGroup = CEF4B177275781660027290F /* Products */;
			projectDirPath = "";
			projectRoot = "";
			targets = (
				CEF4B175275781660027290F /* Movielist */,
			);
		};
/* End PBXProject section */

/* Begin PBXResourcesBuildPhase section */
		CEF4B174275781660027290F /* Resources */ = {
			isa = PBXResourcesBuildPhase;
			buildActionMask = 2147483647;
			files = (
				CEF4B186275781680027290F /* LaunchScreen.storyboard in Resources */,
				CEF4B183275781680027290F /* Assets.xcassets in Resources */,
			);
			runOnlyForDeploymentPostprocessing = 0;
		};
/* End PBXResourcesBuildPhase section */

/* Begin PBXSourcesBuildPhase section */
		CEF4B172275781660027290F /* Sources */ = {
			isa = PBXSourcesBuildPhase;
			buildActionMask = 2147483647;
			files = (
				CEF4B1BA2758E8B50027290F /* StackViewExtension.swift in Sources */,
				CEF4B19B2757D3900027290F /* Film.swift in Sources */,
				CEF4B1AC275889FF0027290F /* DataFetcherService.swift in Sources */,
				CEF4B1A7275855160027290F /* FilmsViewController.swift in Sources */,
				CEF4B1B027588B0B0027290F /* NetworkService.swift in Sources */,
				CEF4B1B82758B4C60027290F /* CommentNetworkService.swift in Sources */,
				CEF4B20C275A55300027290F /* YearTableView.swift in Sources */,
				CEF4B17A275781660027290F /* AppDelegate.swift in Sources */,
				CEF4B1B42758A0B90027290F /* FilmCardViewContoller.swift in Sources */,
				CEF4B1B62758B3C90027290F /* NetworkError.swift in Sources */,
				CEF4B1AA27585E390027290F /* FilmsTableViewCell.swift in Sources */,
			);
			runOnlyForDeploymentPostprocessing = 0;
		};
/* End PBXSourcesBuildPhase section */

/* Begin PBXVariantGroup section */
		CEF4B184275781680027290F /* LaunchScreen.storyboard */ = {
			isa = PBXVariantGroup;
			children = (
				CEF4B185275781680027290F /* Base */,
			);
			name = LaunchScreen.storyboard;
			sourceTree = "<group>";
		};
/* End PBXVariantGroup section */

/* Begin XCBuildConfiguration section */
		CEF4B188275781680027290F /* Debug */ = {
			isa = XCBuildConfiguration;
			buildSettings = {
				ALWAYS_SEARCH_USER_PATHS = NO;
				CLANG_ANALYZER_NONNULL = YES;
				CLANG_ANALYZER_NUMBER_OBJECT_CONVERSION = YES_AGGRESSIVE;
				CLANG_CXX_LANGUAGE_STANDARD = "gnu++14";
				CLANG_CXX_LIBRARY = "libc++";
				CLANG_ENABLE_MODULES = YES;
				CLANG_ENABLE_OBJC_ARC = YES;
				CLANG_ENABLE_OBJC_WEAK = YES;
				CLANG_WARN_BLOCK_CAPTURE_AUTORELEASING = YES;
				CLANG_WARN_BOOL_CONVERSION = YES;
				CLANG_WARN_COMMA = YES;
				CLANG_WARN_CONSTANT_CONVERSION = YES;
				CLANG_WARN_DEPRECATED_OBJC_IMPLEMENTATIONS = YES;
				CLANG_WARN_DIRECT_OBJC_ISA_USAGE = YES_ERROR;
				CLANG_WARN_DOCUMENTATION_COMMENTS = YES;
				CLANG_WARN_EMPTY_BODY = YES;
				CLANG_WARN_ENUM_CONVERSION = YES;
				CLANG_WARN_INFINITE_RECURSION = YES;
				CLANG_WARN_INT_CONVERSION = YES;
				CLANG_WARN_NON_LITERAL_NULL_CONVERSION = YES;
				CLANG_WARN_OBJC_IMPLICIT_RETAIN_SELF = YES;
				CLANG_WARN_OBJC_LITERAL_CONVERSION = YES;
				CLANG_WARN_OBJC_ROOT_CLASS = YES_ERROR;
				CLANG_WARN_QUOTED_INCLUDE_IN_FRAMEWORK_HEADER = YES;
				CLANG_WARN_RANGE_LOOP_ANALYSIS = YES;
				CLANG_WARN_STRICT_PROTOTYPES = YES;
				CLANG_WARN_SUSPICIOUS_MOVE = YES;
				CLANG_WARN_UNGUARDED_AVAILABILITY = YES_AGGRESSIVE;
				CLANG_WARN_UNREACHABLE_CODE = YES;
				CLANG_WARN__DUPLICATE_METHOD_MATCH = YES;
				COPY_PHASE_STRIP = NO;
				DEBUG_INFORMATION_FORMAT = dwarf;
				ENABLE_STRICT_OBJC_MSGSEND = YES;
				ENABLE_TESTABILITY = YES;
				GCC_C_LANGUAGE_STANDARD = gnu11;
				GCC_DYNAMIC_NO_PIC = NO;
				GCC_NO_COMMON_BLOCKS = YES;
				GCC_OPTIMIZATION_LEVEL = 0;
				GCC_PREPROCESSOR_DEFINITIONS = (
					"DEBUG=1",
					"$(inherited)",
				);
				GCC_WARN_64_TO_32_BIT_CONVERSION = YES;
				GCC_WARN_ABOUT_RETURN_TYPE = YES_ERROR;
				GCC_WARN_UNDECLARED_SELECTOR = YES;
				GCC_WARN_UNINITIALIZED_AUTOS = YES_AGGRESSIVE;
				GCC_WARN_UNUSED_FUNCTION = YES;
				GCC_WARN_UNUSED_VARIABLE = YES;
				IPHONEOS_DEPLOYMENT_TARGET = 14.5;
				MTL_ENABLE_DEBUG_INFO = INCLUDE_SOURCE;
				MTL_FAST_MATH = YES;
				ONLY_ACTIVE_ARCH = YES;
				SDKROOT = iphoneos;
				SWIFT_ACTIVE_COMPILATION_CONDITIONS = DEBUG;
				SWIFT_OPTIMIZATION_LEVEL = "-Onone";
			};
			name = Debug;
		};
		CEF4B189275781680027290F /* Release */ = {
			isa = XCBuildConfiguration;
			buildSettings = {
				ALWAYS_SEARCH_USER_PATHS = NO;
				CLANG_ANALYZER_NONNULL = YES;
				CLANG_ANALYZER_NUMBER_OBJECT_CONVERSION = YES_AGGRESSIVE;
				CLANG_CXX_LANGUAGE_STANDARD = "gnu++14";
				CLANG_CXX_LIBRARY = "libc++";
				CLANG_ENABLE_MODULES = YES;
				CLANG_ENABLE_OBJC_ARC = YES;
				CLANG_ENABLE_OBJC_WEAK = YES;
				CLANG_WARN_BLOCK_CAPTURE_AUTORELEASING = YES;
				CLANG_WARN_BOOL_CONVERSION = YES;
				CLANG_WARN_COMMA = YES;
				CLANG_WARN_CONSTANT_CONVERSION = YES;
				CLANG_WARN_DEPRECATED_OBJC_IMPLEMENTATIONS = YES;
				CLANG_WARN_DIRECT_OBJC_ISA_USAGE = YES_ERROR;
				CLANG_WARN_DOCUMENTATION_COMMENTS = YES;
				CLANG_WARN_EMPTY_BODY = YES;
				CLANG_WARN_ENUM_CONVERSION = YES;
				CLANG_WARN_INFINITE_RECURSION = YES;
				CLANG_WARN_INT_CONVERSION = YES;
				CLANG_WARN_NON_LITERAL_NULL_CONVERSION = YES;
				CLANG_WARN_OBJC_IMPLICIT_RETAIN_SELF = YES;
				CLANG_WARN_OBJC_LITERAL_CONVERSION = YES;
				CLANG_WARN_OBJC_ROOT_CLASS = YES_ERROR;
				CLANG_WARN_QUOTED_INCLUDE_IN_FRAMEWORK_HEADER = YES;
				CLANG_WARN_RANGE_LOOP_ANALYSIS = YES;
				CLANG_WARN_STRICT_PROTOTYPES = YES;
				CLANG_WARN_SUSPICIOUS_MOVE = YES;
				CLANG_WARN_UNGUARDED_AVAILABILITY = YES_AGGRESSIVE;
				CLANG_WARN_UNREACHABLE_CODE = YES;
				CLANG_WARN__DUPLICATE_METHOD_MATCH = YES;
				COPY_PHASE_STRIP = NO;
				DEBUG_INFORMATION_FORMAT = "dwarf-with-dsym";
				ENABLE_NS_ASSERTIONS = NO;
				ENABLE_STRICT_OBJC_MSGSEND = YES;
				GCC_C_LANGUAGE_STANDARD = gnu11;
				GCC_NO_COMMON_BLOCKS = YES;
				GCC_WARN_64_TO_32_BIT_CONVERSION = YES;
				GCC_WARN_ABOUT_RETURN_TYPE = YES_ERROR;
				GCC_WARN_UNDECLARED_SELECTOR = YES;
				GCC_WARN_UNINITIALIZED_AUTOS = YES_AGGRESSIVE;
				GCC_WARN_UNUSED_FUNCTION = YES;
				GCC_WARN_UNUSED_VARIABLE = YES;
				IPHONEOS_DEPLOYMENT_TARGET = 14.5;
				MTL_ENABLE_DEBUG_INFO = NO;
				MTL_FAST_MATH = YES;
				SDKROOT = iphoneos;
				SWIFT_COMPILATION_MODE = wholemodule;
				SWIFT_OPTIMIZATION_LEVEL = "-O";
				VALIDATE_PRODUCT = YES;
			};
			name = Release;
		};
		CEF4B18B275781680027290F /* Debug */ = {
			isa = XCBuildConfiguration;
			buildSettings = {
				ASSETCATALOG_COMPILER_APPICON_NAME = AppIcon;
				ASSETCATALOG_COMPILER_GLOBAL_ACCENT_COLOR_NAME = AccentColor;
				CODE_SIGN_STYLE = Automatic;
				DEVELOPMENT_TEAM = 3Y42CSS8U6;
				INFOPLIST_FILE = "Movielist/Supporting Files/Info.plist";
				LD_RUNPATH_SEARCH_PATHS = (
					"$(inherited)",
					"@executable_path/Frameworks",
				);
				PRODUCT_BUNDLE_IDENTIFIER = Viktoriya.Movielist;
				PRODUCT_NAME = "$(TARGET_NAME)";
				SWIFT_VERSION = 5.0;
				TARGETED_DEVICE_FAMILY = "1,2";
			};
			name = Debug;
		};
		CEF4B18C275781680027290F /* Release */ = {
			isa = XCBuildConfiguration;
			buildSettings = {
				ASSETCATALOG_COMPILER_APPICON_NAME = AppIcon;
				ASSETCATALOG_COMPILER_GLOBAL_ACCENT_COLOR_NAME = AccentColor;
				CODE_SIGN_STYLE = Automatic;
				DEVELOPMENT_TEAM = 3Y42CSS8U6;
				INFOPLIST_FILE = "Movielist/Supporting Files/Info.plist";
				LD_RUNPATH_SEARCH_PATHS = (
					"$(inherited)",
					"@executable_path/Frameworks",
				);
				PRODUCT_BUNDLE_IDENTIFIER = Viktoriya.Movielist;
				PRODUCT_NAME = "$(TARGET_NAME)";
				SWIFT_VERSION = 5.0;
				TARGETED_DEVICE_FAMILY = "1,2";
			};
			name = Release;
		};
/* End XCBuildConfiguration section */

/* Begin XCConfigurationList section */
		CEF4B171275781660027290F /* Build configuration list for PBXProject "Movielist" */ = {
			isa = XCConfigurationList;
			buildConfigurations = (
				CEF4B188275781680027290F /* Debug */,
				CEF4B189275781680027290F /* Release */,
			);
			defaultConfigurationIsVisible = 0;
			defaultConfigurationName = Release;
		};
		CEF4B18A275781680027290F /* Build configuration list for PBXNativeTarget "Movielist" */ = {
			isa = XCConfigurationList;
			buildConfigurations = (
				CEF4B18B275781680027290F /* Debug */,
				CEF4B18C275781680027290F /* Release */,
			);
			defaultConfigurationIsVisible = 0;
			defaultConfigurationName = Release;
		};
/* End XCConfigurationList section */
	};
	rootObject = CEF4B16E275781660027290F /* Project object */;
}
